<?xml version="1.0" encoding="utf-8"?>
<Project ToolsVersion="4.0" xmlns="http://schemas.microsoft.com/developer/msbuild/2003">
  <ItemGroup>
    <Filter Include="源文件">
      <UniqueIdentifier>{4FC737F1-C7A5-4376-A066-2A32D752A2FF}</UniqueIdentifier>
      <Extensions>cpp;c;cc;cxx;def;odl;idl;hpj;bat;asm;asmx</Extensions>
    </Filter>
    <Filter Include="transaction">
      <UniqueIdentifier>{79aa3d32-0467-47c4-a91f-3c72e4cbd368}</UniqueIdentifier>
    </Filter>
  </ItemGroup>
  <ItemGroup>
    <ClCompile Include="main.cpp">
      <Filter>源文件</Filter>
    </ClCompile>
    <ClCompile Include="transfersvr.cpp">
      <Filter>源文件</Filter>
    </ClCompile>
    <ClCompile Include="transaction\trans_application.cpp">
      <Filter>transaction</Filter>
    </ClCompile>
    <ClCompile Include="router_inst_mgr.cpp">
      <Filter>源文件</Filter>
    </ClCompile>
  </ItemGroup>
  <ItemGroup>
    <ClInclude Include="transfersvr.h">
      <Filter>源文件</Filter>
    </ClInclude>
    <ClInclude Include="transfer_mgr.h">
      <Filter>源文件</Filter>
    </ClInclude>
    <ClInclude Include="router_inst_mgr.h">
      <Filter>源文件</Filter>
    </ClInclude>
    <ClInclude Include="router_instance_info.h">
      <Filter>源文件</Filter>
    </ClInclude>
  </ItemGroup>
  <ItemGroup>
    <None Include="..\conf\transfersvr\transfersvr.conf">
      <Filter>源文件</Filter>
    </None>
    <None Include="BUILD">
      <Filter>源文件</Filter>
    </None>
    <None Include="transfer_mgr.cpp">
      <Filter>源文件</Filter>
    </None>
  </ItemGroup>
</Project>