<?xml version="1.0" encoding="utf-8"?>
<Project ToolsVersion="4.0" xmlns="http://schemas.microsoft.com/developer/msbuild/2003">
  <ItemGroup>
    <None Include="BUILD" />
    <None Include="mt_adaptor.c" />
  </ItemGroup>
  <ItemGroup>
    <ClInclude Include="config.h" />
    <ClInclude Include="hashtable.h" />
    <ClInclude Include="hashtable_itr.h" />
    <ClInclude Include="hashtable_private.h" />
    <ClInclude Include="linux_config.h" />
    <ClInclude Include="objectpool.h" />
    <ClInclude Include="proto.h" />
    <ClInclude Include="recordio.h" />
    <ClInclude Include="win_config.h" />
    <ClInclude Include="winconfig.h" />
    <ClInclude Include="winport.h" />
    <ClInclude Include="zk_adaptor.h" />
    <ClInclude Include="zk_hashtable.h" />
    <ClInclude Include="zk_wrapper.h" />
    <ClInclude Include="zookeeper.h" />
    <ClInclude Include="zookeeper.jute.h" />
    <ClInclude Include="zookeeper_log.h" />
    <ClInclude Include="zookeeper_version.h" />
  </ItemGroup>
  <ItemGroup>
    <ClCompile Include="hashtable.c" />
    <ClCompile Include="hashtable_itr.c" />
    <ClCompile Include="recordio.c" />
    <ClCompile Include="st_adaptor.c" />
    <ClCompile Include="winport.c" />
    <ClCompile Include="zk_hashtable.c" />
    <ClCompile Include="zk_log.c" />
    <ClCompile Include="zk_wrapper.cpp" />
    <ClCompile Include="zookeeper.c" />
    <ClCompile Include="zookeeper.jute.c" />
  </ItemGroup>
</Project>